
Microsoft Visual Studio Solution File, Format Version 12.00
# Visual Studio Version 17
VisualStudioVersion = 17.0.31903.59
MinimumVisualStudioVersion = 10.0.40219.1
Project("{FAE04EC0-301F-11D3-BF4B-00C04F79EFBC}") = "InformationMonitor", "InformationMonitor\InformationMonitor.csproj", "{A4789624-4FD5-474B-B544-B59823EE8069}"
EndProject
Project("{FAE04EC0-301F-11D3-BF4B-00C04F79EFBC}") = "Tests", "Tests\Tests.csproj", "{A1CC1F84-9655-4CCA-8C92-2B1978413913}"
EndProject
Project("{FAE04EC0-301F-11D3-BF4B-00C04F79EFBC}") = "MonitorInformationSources", "MonitorInformationSources\MonitorInformationSources.csproj", "{C1A94253-7F76-4344-BEF8-B0D512F8E775}"
EndProject
Global
	GlobalSection(SolutionConfigurationPlatforms) = preSolution
		Debug|Any CPU = Debug|Any CPU
		Release|Any CPU = Release|Any CPU
	EndGlobalSection
	GlobalSection(SolutionProperties) = preSolution
		HideSolutionNode = FALSE
	EndGlobalSection
	GlobalSection(ProjectConfigurationPlatforms) = postSolution
		{A4789624-4FD5-474B-B544-B59823EE8069}.Debug|Any CPU.ActiveCfg = Debug|Any CPU
		{A4789624-4FD5-474B-B544-B59823EE8069}.Debug|Any CPU.Build.0 = Debug|Any CPU
		{A4789624-4FD5-474B-B544-B59823EE8069}.Release|Any CPU.ActiveCfg = Release|Any CPU
		{A4789624-4FD5-474B-B544-B59823EE8069}.Release|Any CPU.Build.0 = Release|Any CPU
		{A1CC1F84-9655-4CCA-8C92-2B1978413913}.Debug|Any CPU.ActiveCfg = Debug|Any CPU
		{A1CC1F84-9655-4CCA-8C92-2B1978413913}.Debug|Any CPU.Build.0 = Debug|Any CPU
		{A1CC1F84-9655-4CCA-8C92-2B1978413913}.Release|Any CPU.ActiveCfg = Release|Any CPU
		{A1CC1F84-9655-4CCA-8C92-2B1978413913}.Release|Any CPU.Build.0 = Release|Any CPU
		{C1A94253-7F76-4344-BEF8-B0D512F8E775}.Debug|Any CPU.ActiveCfg = Debug|Any CPU
		{C1A94253-7F76-4344-BEF8-B0D512F8E775}.Debug|Any CPU.Build.0 = Debug|Any CPU
		{C1A94253-7F76-4344-BEF8-B0D512F8E775}.Release|Any CPU.ActiveCfg = Release|Any CPU
		{C1A94253-7F76-4344-BEF8-B0D512F8E775}.Release|Any CPU.Build.0 = Release|Any CPU
	EndGlobalSection
EndGlobal
